
Microsoft Visual Studio Solution File, Format Version 12.00
# Visual Studio Version 16
VisualStudioVersion = 16.0.30413.136
MinimumVisualStudioVersion = 10.0.40219.1
Project("{D2ABAB84-BF74-430A-B69E-9DC6D40DDA17}") = "Proyecto_final", "Proyecto_final\Proyecto_final.dwproj", "{6638E34E-EB46-4CDC-A331-A15E72B20777}"
EndProject
Global
	GlobalSection(SolutionConfigurationPlatforms) = preSolution
		Development|Default = Development|Default
	EndGlobalSection
	GlobalSection(ProjectConfigurationPlatforms) = postSolution
		{6638E34E-EB46-4CDC-A331-A15E72B20777}.Development|Default.ActiveCfg = Development
		{6638E34E-EB46-4CDC-A331-A15E72B20777}.Development|Default.Build.0 = Development
		{6638E34E-EB46-4CDC-A331-A15E72B20777}.Development|Default.Deploy.0 = Development
	EndGlobalSection
	GlobalSection(SolutionProperties) = preSolution
		HideSolutionNode = FALSE
	EndGlobalSection
	GlobalSection(ExtensibilityGlobals) = postSolution
		SolutionGuid = {C7657AEC-A385-4D91-B558-0AE56FEFB5F7}
	EndGlobalSection
EndGlobal
