
Microsoft Visual Studio Solution File, Format Version 11.00
# Visual Studio 2010
Project("{159641D6-6404-4A2A-AE62-294DE0FE8301}") = "Proyecto_DMD", "Proyecto_DMD.dtproj", "{1620B362-D11D-4048-96DB-17EFC6A0F74C}"
EndProject
Global
	GlobalSection(SolutionConfigurationPlatforms) = preSolution
		Development|Default = Development|Default
	EndGlobalSection
	GlobalSection(ProjectConfigurationPlatforms) = postSolution
		{1620B362-D11D-4048-96DB-17EFC6A0F74C}.Development|Default.ActiveCfg = Development
		{1620B362-D11D-4048-96DB-17EFC6A0F74C}.Development|Default.Build.0 = Development
	EndGlobalSection
	GlobalSection(SolutionProperties) = preSolution
		HideSolutionNode = FALSE
	EndGlobalSection
EndGlobal
